# This file is automatically @generated by pesde.
# It is not intended for manual editing.
format = 2
name = "naps_towers/mocha_root"
version = "0.0.0"
target = "roblox"

[workspace."naps_towers/brush"]
roblox = "pkgs/brush"

[workspace."naps_towers/mocha_converter"]
roblox = "pkgs/converter"

[workspace."naps_towers/mocha_logger"]
roblox = "pkgs/logger"

[workspace."naps_towers/mocha_plugin"]
roblox = "pkgs/plugin"

[workspace."naps_towers/mocha_types"]
roblox = "pkgs/types"

[workspace."naps_towers/mocha_utils"]
roblox = "pkgs/utils"
